
Microsoft Visual Studio Solution File, Format Version 12.00
# Visual Studio Version 17
VisualStudioVersion = 17.14.36623.8 d17.14
MinimumVisualStudioVersion = 10.0.40219.1
Project("{FAE04EC0-301F-11D3-BF4B-00C04F79EFBC}") = "ynivermag_bad", "ynivermag_bad\ynivermag_bad.csproj", "{72A998FF-CD4F-4A9B-9D91-88CEAF6F62C1}"
EndProject
Global
	GlobalSection(SolutionConfigurationPlatforms) = preSolution
		Debug|Any CPU = Debug|Any CPU
		Release|Any CPU = Release|Any CPU
	EndGlobalSection
	GlobalSection(ProjectConfigurationPlatforms) = postSolution
		{72A998FF-CD4F-4A9B-9D91-88CEAF6F62C1}.Debug|Any CPU.ActiveCfg = Debug|Any CPU
		{72A998FF-CD4F-4A9B-9D91-88CEAF6F62C1}.Debug|Any CPU.Build.0 = Debug|Any CPU
		{72A998FF-CD4F-4A9B-9D91-88CEAF6F62C1}.Release|Any CPU.ActiveCfg = Release|Any CPU
		{72A998FF-CD4F-4A9B-9D91-88CEAF6F62C1}.Release|Any CPU.Build.0 = Release|Any CPU
	EndGlobalSection
	GlobalSection(SolutionProperties) = preSolution
		HideSolutionNode = FALSE
	EndGlobalSection
	GlobalSection(ExtensibilityGlobals) = postSolution
		SolutionGuid = {F3677825-36FA-4635-9ED3-5FE34E271C19}
	EndGlobalSection
EndGlobal
